
Microsoft Visual Studio Solution File, Format Version 12.00
# Visual Studio Version 16
VisualStudioVersion = 16.0.31112.23
MinimumVisualStudioVersion = 10.0.40219.1
Project("{FAE04EC0-301F-11D3-BF4B-00C04F79EFBC}") = "BookReading.Web", "BookReading.Web\BookReading.Web.csproj", "{11118E30-236C-4DF3-B16B-07E68CDBB3A1}"
EndProject
Project("{FAE04EC0-301F-11D3-BF4B-00C04F79EFBC}") = "BookReading.Tests", "BookReading.Tests\BookReading.Tests.csproj", "{D7F3F0EC-F7A2-4FD2-8929-9063E490F6FE}"
EndProject
Project("{FAE04EC0-301F-11D3-BF4B-00C04F79EFBC}") = "BookReading.Business.Facade", "BookReading.Business.Facade\BookReading.Business.Facade.csproj", "{569B0161-E0DE-450D-830C-8AF63447E9E6}"
EndProject
Project("{FAE04EC0-301F-11D3-BF4B-00C04F79EFBC}") = "BookReading.DAL", "BookReading.DAL\BookReading.DAL.csproj", "{026DD8AF-E30E-4871-BDEA-0260E5DCCA99}"
EndProject
Project("{FAE04EC0-301F-11D3-BF4B-00C04F79EFBC}") = "BookReading.Buisness", "BookReading.Buisness\BookReading.Buisness.csproj", "{3B0AD819-9884-4F4A-8A05-E8008B3BA89F}"
EndProject
Global
	GlobalSection(SolutionConfigurationPlatforms) = preSolution
		Debug|Any CPU = Debug|Any CPU
		Release|Any CPU = Release|Any CPU
	EndGlobalSection
	GlobalSection(ProjectConfigurationPlatforms) = postSolution
		{11118E30-236C-4DF3-B16B-07E68CDBB3A1}.Debug|Any CPU.ActiveCfg = Debug|Any CPU
		{11118E30-236C-4DF3-B16B-07E68CDBB3A1}.Debug|Any CPU.Build.0 = Debug|Any CPU
		{11118E30-236C-4DF3-B16B-07E68CDBB3A1}.Release|Any CPU.ActiveCfg = Release|Any CPU
		{11118E30-236C-4DF3-B16B-07E68CDBB3A1}.Release|Any CPU.Build.0 = Release|Any CPU
		{D7F3F0EC-F7A2-4FD2-8929-9063E490F6FE}.Debug|Any CPU.ActiveCfg = Debug|Any CPU
		{D7F3F0EC-F7A2-4FD2-8929-9063E490F6FE}.Debug|Any CPU.Build.0 = Debug|Any CPU
		{D7F3F0EC-F7A2-4FD2-8929-9063E490F6FE}.Release|Any CPU.ActiveCfg = Release|Any CPU
		{D7F3F0EC-F7A2-4FD2-8929-9063E490F6FE}.Release|Any CPU.Build.0 = Release|Any CPU
		{569B0161-E0DE-450D-830C-8AF63447E9E6}.Debug|Any CPU.ActiveCfg = Debug|Any CPU
		{569B0161-E0DE-450D-830C-8AF63447E9E6}.Debug|Any CPU.Build.0 = Debug|Any CPU
		{569B0161-E0DE-450D-830C-8AF63447E9E6}.Release|Any CPU.ActiveCfg = Release|Any CPU
		{569B0161-E0DE-450D-830C-8AF63447E9E6}.Release|Any CPU.Build.0 = Release|Any CPU
		{026DD8AF-E30E-4871-BDEA-0260E5DCCA99}.Debug|Any CPU.ActiveCfg = Debug|Any CPU
		{026DD8AF-E30E-4871-BDEA-0260E5DCCA99}.Debug|Any CPU.Build.0 = Debug|Any CPU
		{026DD8AF-E30E-4871-BDEA-0260E5DCCA99}.Release|Any CPU.ActiveCfg = Release|Any CPU
		{026DD8AF-E30E-4871-BDEA-0260E5DCCA99}.Release|Any CPU.Build.0 = Release|Any CPU
		{3B0AD819-9884-4F4A-8A05-E8008B3BA89F}.Debug|Any CPU.ActiveCfg = Debug|Any CPU
		{3B0AD819-9884-4F4A-8A05-E8008B3BA89F}.Debug|Any CPU.Build.0 = Debug|Any CPU
		{3B0AD819-9884-4F4A-8A05-E8008B3BA89F}.Release|Any CPU.ActiveCfg = Release|Any CPU
		{3B0AD819-9884-4F4A-8A05-E8008B3BA89F}.Release|Any CPU.Build.0 = Release|Any CPU
	EndGlobalSection
	GlobalSection(SolutionProperties) = preSolution
		HideSolutionNode = FALSE
	EndGlobalSection
	GlobalSection(ExtensibilityGlobals) = postSolution
		SolutionGuid = {6AB1045A-DF63-41EF-AB79-DC62B689223A}
	EndGlobalSection
EndGlobal
